// !$*UTF8*$!
{
	archiveVersion = 1;
	classes = {
	};
	objectVersion = 50;
	objects = {

/* Begin PBXBuildFile section */
		B465C271274BE15600DE27EB /* HomeView.swift in Sources */ = {isa = PBXBuildFile; fileRef = B465C270274BE15600DE27EB /* HomeView.swift */; };
		B481D3F4274A943A000611EC /* MenuView.swift in Sources */ = {isa = PBXBuildFile; fileRef = B481D3F3274A943A000611EC /* MenuView.swift */; };
		B4925420273C1D8800E6ABC5 /* test_2App.swift in Sources */ = {isa = PBXBuildFile; fileRef = B492541F273C1D8800E6ABC5 /* test_2App.swift */; };
		B4925422273C1D8800E6ABC5 /* ContentView.swift in Sources */ = {isa = PBXBuildFile; fileRef = B4925421273C1D8800E6ABC5 /* ContentView.swift */; };
		B4925424273C1D8900E6ABC5 /* Assets.xcassets in Resources */ = {isa = PBXBuildFile; fileRef = B4925423273C1D8900E6ABC5 /* Assets.xcassets */; };
		B4925427273C1D8900E6ABC5 /* Preview Assets.xcassets in Resources */ = {isa = PBXBuildFile; fileRef = B4925426273C1D8900E6ABC5 /* Preview Assets.xcassets */; };
		B492F9DF274E3F5B009AB502 /* TabBar.swift in Sources */ = {isa = PBXBuildFile; fileRef = B492F9DE274E3F5B009AB502 /* TabBar.swift */; };
		B492F9E1274E4744009AB502 /* RingView.swift in Sources */ = {isa = PBXBuildFile; fileRef = B492F9E0274E4744009AB502 /* RingView.swift */; };
		B49C7F93274CE2AB00FA2D88 /* SectionView.swift in Sources */ = {isa = PBXBuildFile; fileRef = B49C7F92274CE2AB00FA2D88 /* SectionView.swift */; };
		B49C7F95274D06EE00FA2D88 /* UpdateList.swift in Sources */ = {isa = PBXBuildFile; fileRef = B49C7F94274D06EE00FA2D88 /* UpdateList.swift */; };
		B4BB022E274E2ABD00EB124D /* UpdateDetail.swift in Sources */ = {isa = PBXBuildFile; fileRef = B4BB022D274E2ABD00EB124D /* UpdateDetail.swift */; };
		B4BB0230274E2ED500EB124D /* UpdateStore.swift in Sources */ = {isa = PBXBuildFile; fileRef = B4BB022F274E2ED500EB124D /* UpdateStore.swift */; };
		B4C5C148274B7B2B0012EAD7 /* Home.swift in Sources */ = {isa = PBXBuildFile; fileRef = B4C5C147274B7B2B0012EAD7 /* Home.swift */; };
/* End PBXBuildFile section */

/* Begin PBXFileReference section */
		B465C270274BE15600DE27EB /* HomeView.swift */ = {isa = PBXFileReference; lastKnownFileType = sourcecode.swift; path = HomeView.swift; sourceTree = "<group>"; };
		B481D3F3274A943A000611EC /* MenuView.swift */ = {isa = PBXFileReference; lastKnownFileType = sourcecode.swift; path = MenuView.swift; sourceTree = "<group>"; };
		B492541C273C1D8800E6ABC5 /* test_2.app */ = {isa = PBXFileReference; explicitFileType = wrapper.application; includeInIndex = 0; path = test_2.app; sourceTree = BUILT_PRODUCTS_DIR; };
		B492541F273C1D8800E6ABC5 /* test_2App.swift */ = {isa = PBXFileReference; lastKnownFileType = sourcecode.swift; path = test_2App.swift; sourceTree = "<group>"; };
		B4925421273C1D8800E6ABC5 /* ContentView.swift */ = {isa = PBXFileReference; lastKnownFileType = sourcecode.swift; path = ContentView.swift; sourceTree = "<group>"; };
		B4925423273C1D8900E6ABC5 /* Assets.xcassets */ = {isa = PBXFileReference; lastKnownFileType = folder.assetcatalog; path = Assets.xcassets; sourceTree = "<group>"; };
		B4925426273C1D8900E6ABC5 /* Preview Assets.xcassets */ = {isa = PBXFileReference; lastKnownFileType = folder.assetcatalog; path = "Preview Assets.xcassets"; sourceTree = "<group>"; };
		B4925428273C1D8900E6ABC5 /* Info.plist */ = {isa = PBXFileReference; lastKnownFileType = text.plist.xml; path = Info.plist; sourceTree = "<group>"; };
		B492F9DE274E3F5B009AB502 /* TabBar.swift */ = {isa = PBXFileReference; lastKnownFileType = sourcecode.swift; path = TabBar.swift; sourceTree = "<group>"; };
		B492F9E0274E4744009AB502 /* RingView.swift */ = {isa = PBXFileReference; lastKnownFileType = sourcecode.swift; path = RingView.swift; sourceTree = "<group>"; };
		B49C7F92274CE2AB00FA2D88 /* SectionView.swift */ = {isa = PBXFileReference; lastKnownFileType = sourcecode.swift; path = SectionView.swift; sourceTree = "<group>"; };
		B49C7F94274D06EE00FA2D88 /* UpdateList.swift */ = {isa = PBXFileReference; lastKnownFileType = sourcecode.swift; path = UpdateList.swift; sourceTree = "<group>"; };
		B4BB022D274E2ABD00EB124D /* UpdateDetail.swift */ = {isa = PBXFileReference; lastKnownFileType = sourcecode.swift; path = UpdateDetail.swift; sourceTree = "<group>"; };
		B4BB022F274E2ED500EB124D /* UpdateStore.swift */ = {isa = PBXFileReference; lastKnownFileType = sourcecode.swift; path = UpdateStore.swift; sourceTree = "<group>"; };
		B4C5C147274B7B2B0012EAD7 /* Home.swift */ = {isa = PBXFileReference; lastKnownFileType = sourcecode.swift; path = Home.swift; sourceTree = "<group>"; };
/* End PBXFileReference section */

/* Begin PBXFrameworksBuildPhase section */
		B4925419273C1D8800E6ABC5 /* Frameworks */ = {
			isa = PBXFrameworksBuildPhase;
			buildActionMask = 2147483647;
			files = (
			);
			runOnlyForDeploymentPostprocessing = 0;
		};
/* End PBXFrameworksBuildPhase section */

/* Begin PBXGroup section */
		B4925413273C1D8800E6ABC5 = {
			isa = PBXGroup;
			children = (
				B492541E273C1D8800E6ABC5 /* test_2 */,
				B492541D273C1D8800E6ABC5 /* Products */,
			);
			sourceTree = "<group>";
		};
		B492541D273C1D8800E6ABC5 /* Products */ = {
			isa = PBXGroup;
			children = (
				B492541C273C1D8800E6ABC5 /* test_2.app */,
			);
			name = Products;
			sourceTree = "<group>";
		};
		B492541E273C1D8800E6ABC5 /* test_2 */ = {
			isa = PBXGroup;
			children = (
				B492F9E2274E4748009AB502 /* List */,
				B492541F273C1D8800E6ABC5 /* test_2App.swift */,
				B4925421273C1D8800E6ABC5 /* ContentView.swift */,
				B492F9E0274E4744009AB502 /* RingView.swift */,
				B481D3F3274A943A000611EC /* MenuView.swift */,
				B492F9DE274E3F5B009AB502 /* TabBar.swift */,
				B4C5C147274B7B2B0012EAD7 /* Home.swift */,
				B465C270274BE15600DE27EB /* HomeView.swift */,
				B49C7F92274CE2AB00FA2D88 /* SectionView.swift */,
				B4925423273C1D8900E6ABC5 /* Assets.xcassets */,
				B4925428273C1D8900E6ABC5 /* Info.plist */,
				B4925425273C1D8900E6ABC5 /* Preview Content */,
			);
			path = test_2;
			sourceTree = "<group>";
		};
		B4925425273C1D8900E6ABC5 /* Preview Content */ = {
			isa = PBXGroup;
			children = (
				B4925426273C1D8900E6ABC5 /* Preview Assets.xcassets */,
			);
			path = "Preview Content";
			sourceTree = "<group>";
		};
		B492F9E2274E4748009AB502 /* List */ = {
			isa = PBXGroup;
			children = (
				B49C7F94274D06EE00FA2D88 /* UpdateList.swift */,
				B4BB022D274E2ABD00EB124D /* UpdateDetail.swift */,
				B4BB022F274E2ED500EB124D /* UpdateStore.swift */,
			);
			path = List;
			sourceTree = "<group>";
		};
/* End PBXGroup section */

/* Begin PBXNativeTarget section */
		B492541B273C1D8800E6ABC5 /* test_2 */ = {
			isa = PBXNativeTarget;
			buildConfigurationList = B492542B273C1D8900E6ABC5 /* Build configuration list for PBXNativeTarget "test_2" */;
			buildPhases = (
				B4925418273C1D8800E6ABC5 /* Sources */,
				B4925419273C1D8800E6ABC5 /* Frameworks */,
				B492541A273C1D8800E6ABC5 /* Resources */,
			);
			buildRules = (
			);
			dependencies = (
			);
			name = test_2;
			productName = test_2;
			productReference = B492541C273C1D8800E6ABC5 /* test_2.app */;
			productType = "com.apple.product-type.application";
		};
/* End PBXNativeTarget section */

/* Begin PBXProject section */
		B4925414273C1D8800E6ABC5 /* Project object */ = {
			isa = PBXProject;
			attributes = {
				LastSwiftUpdateCheck = 1250;
				LastUpgradeCheck = 1250;
				TargetAttributes = {
					B492541B273C1D8800E6ABC5 = {
						CreatedOnToolsVersion = 12.5.1;
					};
				};
			};
			buildConfigurationList = B4925417273C1D8800E6ABC5 /* Build configuration list for PBXProject "test_2" */;
			compatibilityVersion = "Xcode 9.3";
			developmentRegion = en;
			hasScannedForEncodings = 0;
			knownRegions = (
				en,
				Base,
			);
			mainGroup = B4925413273C1D8800E6ABC5;
			productRefGroup = B492541D273C1D8800E6ABC5 /* Products */;
			projectDirPath = "";
			projectRoot = "";
			targets = (
				B492541B273C1D8800E6ABC5 /* test_2 */,
			);
		};
/* End PBXProject section */

/* Begin PBXResourcesBuildPhase section */
		B492541A273C1D8800E6ABC5 /* Resources */ = {
			isa = PBXResourcesBuildPhase;
			buildActionMask = 2147483647;
			files = (
				B4925427273C1D8900E6ABC5 /* Preview Assets.xcassets in Resources */,
				B4925424273C1D8900E6ABC5 /* Assets.xcassets in Resources */,
			);
			runOnlyForDeploymentPostprocessing = 0;
		};
/* End PBXResourcesBuildPhase section */

/* Begin PBXSourcesBuildPhase section */
		B4925418273C1D8800E6ABC5 /* Sources */ = {
			isa = PBXSourcesBuildPhase;
			buildActionMask = 2147483647;
			files = (
				B492F9E1274E4744009AB502 /* RingView.swift in Sources */,
				B492F9DF274E3F5B009AB502 /* TabBar.swift in Sources */,
				B4BB022E274E2ABD00EB124D /* UpdateDetail.swift in Sources */,
				B4925422273C1D8800E6ABC5 /* ContentView.swift in Sources */,
				B49C7F93274CE2AB00FA2D88 /* SectionView.swift in Sources */,
				B49C7F95274D06EE00FA2D88 /* UpdateList.swift in Sources */,
				B4BB0230274E2ED500EB124D /* UpdateStore.swift in Sources */,
				B481D3F4274A943A000611EC /* MenuView.swift in Sources */,
				B4C5C148274B7B2B0012EAD7 /* Home.swift in Sources */,
				B465C271274BE15600DE27EB /* HomeView.swift in Sources */,
				B4925420273C1D8800E6ABC5 /* test_2App.swift in Sources */,
			);
			runOnlyForDeploymentPostprocessing = 0;
		};
/* End PBXSourcesBuildPhase section */

/* Begin XCBuildConfiguration section */
		B4925429273C1D8900E6ABC5 /* Debug */ = {
			isa = XCBuildConfiguration;
			buildSettings = {
				ALWAYS_SEARCH_USER_PATHS = NO;
				CLANG_ANALYZER_NONNULL = YES;
				CLANG_ANALYZER_NUMBER_OBJECT_CONVERSION = YES_AGGRESSIVE;
				CLANG_CXX_LANGUAGE_STANDARD = "gnu++14";
				CLANG_CXX_LIBRARY = "libc++";
				CLANG_ENABLE_MODULES = YES;
				CLANG_ENABLE_OBJC_ARC = YES;
				CLANG_ENABLE_OBJC_WEAK = YES;
				CLANG_WARN_BLOCK_CAPTURE_AUTORELEASING = YES;
				CLANG_WARN_BOOL_CONVERSION = YES;
				CLANG_WARN_COMMA = YES;
				CLANG_WARN_CONSTANT_CONVERSION = YES;
				CLANG_WARN_DEPRECATED_OBJC_IMPLEMENTATIONS = YES;
				CLANG_WARN_DIRECT_OBJC_ISA_USAGE = YES_ERROR;
				CLANG_WARN_DOCUMENTATION_COMMENTS = YES;
				CLANG_WARN_EMPTY_BODY = YES;
				CLANG_WARN_ENUM_CONVERSION = YES;
				CLANG_WARN_INFINITE_RECURSION = YES;
				CLANG_WARN_INT_CONVERSION = YES;
				CLANG_WARN_NON_LITERAL_NULL_CONVERSION = YES;
				CLANG_WARN_OBJC_IMPLICIT_RETAIN_SELF = YES;
				CLANG_WARN_OBJC_LITERAL_CONVERSION = YES;
				CLANG_WARN_OBJC_ROOT_CLASS = YES_ERROR;
				CLANG_WARN_QUOTED_INCLUDE_IN_FRAMEWORK_HEADER = YES;
				CLANG_WARN_RANGE_LOOP_ANALYSIS = YES;
				CLANG_WARN_STRICT_PROTOTYPES = YES;
				CLANG_WARN_SUSPICIOUS_MOVE = YES;
				CLANG_WARN_UNGUARDED_AVAILABILITY = YES_AGGRESSIVE;
				CLANG_WARN_UNREACHABLE_CODE = YES;
				CLANG_WARN__DUPLICATE_METHOD_MATCH = YES;
				COPY_PHASE_STRIP = NO;
				DEBUG_INFORMATION_FORMAT = dwarf;
				ENABLE_STRICT_OBJC_MSGSEND = YES;
				ENABLE_TESTABILITY = YES;
				GCC_C_LANGUAGE_STANDARD = gnu11;
				GCC_DYNAMIC_NO_PIC = NO;
				GCC_NO_COMMON_BLOCKS = YES;
				GCC_OPTIMIZATION_LEVEL = 0;
				GCC_PREPROCESSOR_DEFINITIONS = (
					"DEBUG=1",
					"$(inherited)",
				);
				GCC_WARN_64_TO_32_BIT_CONVERSION = YES;
				GCC_WARN_ABOUT_RETURN_TYPE = YES_ERROR;
				GCC_WARN_UNDECLARED_SELECTOR = YES;
				GCC_WARN_UNINITIALIZED_AUTOS = YES_AGGRESSIVE;
				GCC_WARN_UNUSED_FUNCTION = YES;
				GCC_WARN_UNUSED_VARIABLE = YES;
				IPHONEOS_DEPLOYMENT_TARGET = 14.5;
				MTL_ENABLE_DEBUG_INFO = INCLUDE_SOURCE;
				MTL_FAST_MATH = YES;
				ONLY_ACTIVE_ARCH = YES;
				SDKROOT = iphoneos;
				SWIFT_ACTIVE_COMPILATION_CONDITIONS = DEBUG;
				SWIFT_OPTIMIZATION_LEVEL = "-Onone";
			};
			name = Debug;
		};
		B492542A273C1D8900E6ABC5 /* Release */ = {
			isa = XCBuildConfiguration;
			buildSettings = {
				ALWAYS_SEARCH_USER_PATHS = NO;
				CLANG_ANALYZER_NONNULL = YES;
				CLANG_ANALYZER_NUMBER_OBJECT_CONVERSION = YES_AGGRESSIVE;
				CLANG_CXX_LANGUAGE_STANDARD = "gnu++14";
				CLANG_CXX_LIBRARY = "libc++";
				CLANG_ENABLE_MODULES = YES;
				CLANG_ENABLE_OBJC_ARC = YES;
				CLANG_ENABLE_OBJC_WEAK = YES;
				CLANG_WARN_BLOCK_CAPTURE_AUTORELEASING = YES;
				CLANG_WARN_BOOL_CONVERSION = YES;
				CLANG_WARN_COMMA = YES;
				CLANG_WARN_CONSTANT_CONVERSION = YES;
				CLANG_WARN_DEPRECATED_OBJC_IMPLEMENTATIONS = YES;
				CLANG_WARN_DIRECT_OBJC_ISA_USAGE = YES_ERROR;
				CLANG_WARN_DOCUMENTATION_COMMENTS = YES;
				CLANG_WARN_EMPTY_BODY = YES;
				CLANG_WARN_ENUM_CONVERSION = YES;
				CLANG_WARN_INFINITE_RECURSION = YES;
				CLANG_WARN_INT_CONVERSION = YES;
				CLANG_WARN_NON_LITERAL_NULL_CONVERSION = YES;
				CLANG_WARN_OBJC_IMPLICIT_RETAIN_SELF = YES;
				CLANG_WARN_OBJC_LITERAL_CONVERSION = YES;
				CLANG_WARN_OBJC_ROOT_CLASS = YES_ERROR;
				CLANG_WARN_QUOTED_INCLUDE_IN_FRAMEWORK_HEADER = YES;
				CLANG_WARN_RANGE_LOOP_ANALYSIS = YES;
				CLANG_WARN_STRICT_PROTOTYPES = YES;
				CLANG_WARN_SUSPICIOUS_MOVE = YES;
				CLANG_WARN_UNGUARDED_AVAILABILITY = YES_AGGRESSIVE;
				CLANG_WARN_UNREACHABLE_CODE = YES;
				CLANG_WARN__DUPLICATE_METHOD_MATCH = YES;
				COPY_PHASE_STRIP = NO;
				DEBUG_INFORMATION_FORMAT = "dwarf-with-dsym";
				ENABLE_NS_ASSERTIONS = NO;
				ENABLE_STRICT_OBJC_MSGSEND = YES;
				GCC_C_LANGUAGE_STANDARD = gnu11;
				GCC_NO_COMMON_BLOCKS = YES;
				GCC_WARN_64_TO_32_BIT_CONVERSION = YES;
				GCC_WARN_ABOUT_RETURN_TYPE = YES_ERROR;
				GCC_WARN_UNDECLARED_SELECTOR = YES;
				GCC_WARN_UNINITIALIZED_AUTOS = YES_AGGRESSIVE;
				GCC_WARN_UNUSED_FUNCTION = YES;
				GCC_WARN_UNUSED_VARIABLE = YES;
				IPHONEOS_DEPLOYMENT_TARGET = 14.5;
				MTL_ENABLE_DEBUG_INFO = NO;
				MTL_FAST_MATH = YES;
				SDKROOT = iphoneos;
				SWIFT_COMPILATION_MODE = wholemodule;
				SWIFT_OPTIMIZATION_LEVEL = "-O";
				VALIDATE_PRODUCT = YES;
			};
			name = Release;
		};
		B492542C273C1D8900E6ABC5 /* Debug */ = {
			isa = XCBuildConfiguration;
			buildSettings = {
				ASSETCATALOG_COMPILER_APPICON_NAME = AppIcon;
				ASSETCATALOG_COMPILER_GLOBAL_ACCENT_COLOR_NAME = AccentColor;
				CODE_SIGN_STYLE = Automatic;
				DEVELOPMENT_ASSET_PATHS = "\"test_2/Preview Content\"";
				DEVELOPMENT_TEAM = T6H68KJ4WD;
				ENABLE_PREVIEWS = YES;
				INFOPLIST_FILE = test_2/Info.plist;
				IPHONEOS_DEPLOYMENT_TARGET = 14.0;
				LD_RUNPATH_SEARCH_PATHS = (
					"$(inherited)",
					"@executable_path/Frameworks",
				);
				PRODUCT_BUNDLE_IDENTIFIER = "com.mumu.apns.test-2";
				PRODUCT_NAME = "$(TARGET_NAME)";
				SWIFT_VERSION = 5.0;
				TARGETED_DEVICE_FAMILY = "1,2";
			};
			name = Debug;
		};
		B492542D273C1D8900E6ABC5 /* Release */ = {
			isa = XCBuildConfiguration;
			buildSettings = {
				ASSETCATALOG_COMPILER_APPICON_NAME = AppIcon;
				ASSETCATALOG_COMPILER_GLOBAL_ACCENT_COLOR_NAME = AccentColor;
				CODE_SIGN_STYLE = Automatic;
				DEVELOPMENT_ASSET_PATHS = "\"test_2/Preview Content\"";
				DEVELOPMENT_TEAM = T6H68KJ4WD;
				ENABLE_PREVIEWS = YES;
				INFOPLIST_FILE = test_2/Info.plist;
				IPHONEOS_DEPLOYMENT_TARGET = 14.0;
				LD_RUNPATH_SEARCH_PATHS = (
					"$(inherited)",
					"@executable_path/Frameworks",
				);
				PRODUCT_BUNDLE_IDENTIFIER = "com.mumu.apns.test-2";
				PRODUCT_NAME = "$(TARGET_NAME)";
				SWIFT_VERSION = 5.0;
				TARGETED_DEVICE_FAMILY = "1,2";
			};
			name = Release;
		};
/* End XCBuildConfiguration section */

/* Begin XCConfigurationList section */
		B4925417273C1D8800E6ABC5 /* Build configuration list for PBXProject "test_2" */ = {
			isa = XCConfigurationList;
			buildConfigurations = (
				B4925429273C1D8900E6ABC5 /* Debug */,
				B492542A273C1D8900E6ABC5 /* Release */,
			);
			defaultConfigurationIsVisible = 0;
			defaultConfigurationName = Release;
		};
		B492542B273C1D8900E6ABC5 /* Build configuration list for PBXNativeTarget "test_2" */ = {
			isa = XCConfigurationList;
			buildConfigurations = (
				B492542C273C1D8900E6ABC5 /* Debug */,
				B492542D273C1D8900E6ABC5 /* Release */,
			);
			defaultConfigurationIsVisible = 0;
			defaultConfigurationName = Release;
		};
/* End XCConfigurationList section */
	};
	rootObject = B4925414273C1D8800E6ABC5 /* Project object */;
}
